
Microsoft Visual Studio Solution File, Format Version 12.00
# Visual Studio 15
VisualStudioVersion = 15.0.28307.1169
MinimumVisualStudioVersion = 10.0.40219.1
Project("{FAE04EC0-301F-11D3-BF4B-00C04F79EFBC}") = "WebApplication2", "WebApplication2\WebApplication2.csproj", "{D1B844F4-0AF7-4512-9E63-21B00062CC25}"
EndProject
Global
	GlobalSection(SolutionConfigurationPlatforms) = preSolution
		Debug|Any CPU = Debug|Any CPU
		Release|Any CPU = Release|Any CPU
	EndGlobalSection
	GlobalSection(ProjectConfigurationPlatforms) = postSolution
		{D1B844F4-0AF7-4512-9E63-21B00062CC25}.Debug|Any CPU.ActiveCfg = Debug|Any CPU
		{D1B844F4-0AF7-4512-9E63-21B00062CC25}.Debug|Any CPU.Build.0 = Debug|Any CPU
		{D1B844F4-0AF7-4512-9E63-21B00062CC25}.Release|Any CPU.ActiveCfg = Release|Any CPU
		{D1B844F4-0AF7-4512-9E63-21B00062CC25}.Release|Any CPU.Build.0 = Release|Any CPU
	EndGlobalSection
	GlobalSection(SolutionProperties) = preSolution
		HideSolutionNode = FALSE
	EndGlobalSection
	GlobalSection(ExtensibilityGlobals) = postSolution
		SolutionGuid = {24EED12E-A929-408F-BC8F-561C5AD741C4}
	EndGlobalSection
EndGlobal
